PODS:
  - bloc_small (0.0.1):
    - Flutter
  - Flutter (1.0.0)

DEPENDENCIES:
  - bloc_small (from `.symlinks/plugins/bloc_small/ios`)
  - Flutter (from `Flutter`)

EXTERNAL SOURCES:
  bloc_small:
    :path: ".symlinks/plugins/bloc_small/ios"
  Flutter:
    :path: Flutter

SPEC CHECKSUMS:
  bloc_small: b8a62ef9443b01d54cc3cdc9db10effc57b5ca5f
  Flutter: e0871f40cf51350855a761d2e70bf5af5b9b5de7

PODFILE CHECKSUM: c4c93c5f6502fe2754f48404d3594bf779584011

COCOAPODS: 1.15.2
