PODS:
  - bloc_lite (0.0.1):
    - Flutter
  - Flutter (1.0.0)

DEPENDENCIES:
  - bloc_lite (from `.symlinks/plugins/bloc_lite/ios`)
  - Flutter (from `Flutter`)

EXTERNAL SOURCES:
  bloc_lite:
    :path: ".symlinks/plugins/bloc_lite/ios"
  Flutter:
    :path: Flutter

SPEC CHECKSUMS:
  bloc_lite: 295fe343344dd18c9a950506dbaa25858758d657
  Flutter: 434fef37c0980e73bb6479ef766c45957d4b510c

PODFILE CHECKSUM: aafe91acc616949ddb318b77800a7f51bffa2a4c

COCOAPODS: 1.10.1
