PODS:
  - bloc_small (0.0.1):
    - Flutter
  - Flutter (1.0.0)

DEPENDENCIES:
  - bloc_small (from `.symlinks/plugins/bloc_small/ios`)
  - Flutter (from `Flutter`)

EXTERNAL SOURCES:
  bloc_small:
    :path: ".symlinks/plugins/bloc_small/ios"
  Flutter:
    :path: Flutter

SPEC CHECKSUMS:
  bloc_small: b8a62ef9443b01d54cc3cdc9db10effc57b5ca5f
  Flutter: 434fef37c0980e73bb6479ef766c45957d4b510c

PODFILE CHECKSUM: aafe91acc616949ddb318b77800a7f51bffa2a4c

COCOAPODS: 1.10.1
